
Microsoft Visual Studio Solution File, Format Version 12.00
# Visual Studio Version 17
VisualStudioVersion = 17.14.36119.2 d17.14
MinimumVisualStudioVersion = 10.0.40219.1
Project("{FAE04EC0-301F-11D3-BF4B-00C04F79EFBC}") = "SauceDemoTests", "SauceDemoTests.csproj", "{B23B2697-7A76-4711-B0C6-3B2092D8F75E}"
EndProject
Global
	GlobalSection(SolutionConfigurationPlatforms) = preSolution
		Debug|Any CPU = Debug|Any CPU
		Release|Any CPU = Release|Any CPU
	EndGlobalSection
	GlobalSection(ProjectConfigurationPlatforms) = postSolution
		{B23B2697-7A76-4711-B0C6-3B2092D8F75E}.Debug|Any CPU.ActiveCfg = Debug|Any CPU
		{B23B2697-7A76-4711-B0C6-3B2092D8F75E}.Debug|Any CPU.Build.0 = Debug|Any CPU
		{B23B2697-7A76-4711-B0C6-3B2092D8F75E}.Release|Any CPU.ActiveCfg = Release|Any CPU
		{B23B2697-7A76-4711-B0C6-3B2092D8F75E}.Release|Any CPU.Build.0 = Release|Any CPU
	EndGlobalSection
	GlobalSection(SolutionProperties) = preSolution
		HideSolutionNode = FALSE
	EndGlobalSection
	GlobalSection(ExtensibilityGlobals) = postSolution
		SolutionGuid = {8CB3F723-D7F6-435D-BEFD-3ECFC481BCA5}
	EndGlobalSection
EndGlobal
